
Microsoft Visual Studio Solution File, Format Version 12.00
# Visual Studio 15
VisualStudioVersion = 15.0.28307.539
MinimumVisualStudioVersion = 10.0.40219.1
Project("{FAE04EC0-301F-11D3-BF4B-00C04F79EFBC}") = "MyFirstConsoleApplication", "MyFirstConsoleApplication\MyFirstConsoleApplication.csproj", "{8059519A-5081-431F-AB0D-2A5772E5370F}"
EndProject
Global
	GlobalSection(SolutionConfigurationPlatforms) = preSolution
		Debug|Any CPU = Debug|Any CPU
		Release|Any CPU = Release|Any CPU
	EndGlobalSection
	GlobalSection(ProjectConfigurationPlatforms) = postSolution
		{8059519A-5081-431F-AB0D-2A5772E5370F}.Debug|Any CPU.ActiveCfg = Debug|Any CPU
		{8059519A-5081-431F-AB0D-2A5772E5370F}.Debug|Any CPU.Build.0 = Debug|Any CPU
		{8059519A-5081-431F-AB0D-2A5772E5370F}.Release|Any CPU.ActiveCfg = Release|Any CPU
		{8059519A-5081-431F-AB0D-2A5772E5370F}.Release|Any CPU.Build.0 = Release|Any CPU
	EndGlobalSection
	GlobalSection(SolutionProperties) = preSolution
		HideSolutionNode = FALSE
	EndGlobalSection
	GlobalSection(ExtensibilityGlobals) = postSolution
		SolutionGuid = {C957E37B-E90F-4539-B339-210CD4D20519}
	EndGlobalSection
EndGlobal
